{
  "version": 1,
  "dependencies": {
    "net10.0-windows10.0.19041": {
      "Tesseract": {
        "type": "Direct",
        "requested": "[5.2.0, )",
        "resolved": "5.2.0",
        "contentHash": "YB7feJlrTWSXtK8+WaCcseGSPK/1r2d2FWeKGyndlrPwYClrzTlCoHD4/oQEUjKafmpkWlhTZZ7pxiRJYZgj6w=="
      }
    },
    "net10.0-windows10.0.19041/win-x64": {}
  }
}